
Microsoft Visual Studio Solution File, Format Version 12.00
# Visual Studio Version 17
VisualStudioVersion = 17.3.32901.215
MinimumVisualStudioVersion = 10.0.40219.1
Project("{9A19103F-16F7-4668-BE54-9A1E7A4F7556}") = "DesignPatterns", "DesignPatterns\DesignPatterns.csproj", "{BA05C5B5-826A-437E-B630-FD96658C4F01}"
EndProject
Project("{9A19103F-16F7-4668-BE54-9A1E7A4F7556}") = "AbstractFactoryPattern", "Creational\AbstractFactoryPattern\AbstractFactoryPattern.csproj", "{FFDCBA09-C9E4-47BF-9381-507FB5761DC9}"
EndProject
Project("{2150E333-8FDC-42A3-9474-1A3956D46DE8}") = "Creational", "Creational", "{5446DBAD-5F83-4D20-A3BF-87B94586E59E}"
EndProject
Project("{9A19103F-16F7-4668-BE54-9A1E7A4F7556}") = "BuilderPattern", "Creational\BuilderPattern\BuilderPattern.csproj", "{88465B69-B3F8-46F0-944A-90BD6FA3185D}"
EndProject
Project("{FAE04EC0-301F-11D3-BF4B-00C04F79EFBC}") = "FactoryMethodPattern", "Creational\FactoryMethodPattern\FactoryMethodPattern.csproj", "{86361874-AB6A-4595-B685-5357B7D3F2D5}"
EndProject
Global
	GlobalSection(SolutionConfigurationPlatforms) = preSolution
		Debug|Any CPU = Debug|Any CPU
		Release|Any CPU = Release|Any CPU
	EndGlobalSection
	GlobalSection(ProjectConfigurationPlatforms) = postSolution
		{BA05C5B5-826A-437E-B630-FD96658C4F01}.Debug|Any CPU.ActiveCfg = Debug|Any CPU
		{BA05C5B5-826A-437E-B630-FD96658C4F01}.Debug|Any CPU.Build.0 = Debug|Any CPU
		{BA05C5B5-826A-437E-B630-FD96658C4F01}.Release|Any CPU.ActiveCfg = Release|Any CPU
		{BA05C5B5-826A-437E-B630-FD96658C4F01}.Release|Any CPU.Build.0 = Release|Any CPU
		{FFDCBA09-C9E4-47BF-9381-507FB5761DC9}.Debug|Any CPU.ActiveCfg = Debug|Any CPU
		{FFDCBA09-C9E4-47BF-9381-507FB5761DC9}.Debug|Any CPU.Build.0 = Debug|Any CPU
		{FFDCBA09-C9E4-47BF-9381-507FB5761DC9}.Release|Any CPU.ActiveCfg = Release|Any CPU
		{FFDCBA09-C9E4-47BF-9381-507FB5761DC9}.Release|Any CPU.Build.0 = Release|Any CPU
		{88465B69-B3F8-46F0-944A-90BD6FA3185D}.Debug|Any CPU.ActiveCfg = Debug|Any CPU
		{88465B69-B3F8-46F0-944A-90BD6FA3185D}.Debug|Any CPU.Build.0 = Debug|Any CPU
		{88465B69-B3F8-46F0-944A-90BD6FA3185D}.Release|Any CPU.ActiveCfg = Release|Any CPU
		{88465B69-B3F8-46F0-944A-90BD6FA3185D}.Release|Any CPU.Build.0 = Release|Any CPU
		{86361874-AB6A-4595-B685-5357B7D3F2D5}.Debug|Any CPU.ActiveCfg = Debug|Any CPU
		{86361874-AB6A-4595-B685-5357B7D3F2D5}.Debug|Any CPU.Build.0 = Debug|Any CPU
		{86361874-AB6A-4595-B685-5357B7D3F2D5}.Release|Any CPU.ActiveCfg = Release|Any CPU
		{86361874-AB6A-4595-B685-5357B7D3F2D5}.Release|Any CPU.Build.0 = Release|Any CPU
	EndGlobalSection
	GlobalSection(SolutionProperties) = preSolution
		HideSolutionNode = FALSE
	EndGlobalSection
	GlobalSection(NestedProjects) = preSolution
		{FFDCBA09-C9E4-47BF-9381-507FB5761DC9} = {5446DBAD-5F83-4D20-A3BF-87B94586E59E}
		{88465B69-B3F8-46F0-944A-90BD6FA3185D} = {5446DBAD-5F83-4D20-A3BF-87B94586E59E}
		{86361874-AB6A-4595-B685-5357B7D3F2D5} = {5446DBAD-5F83-4D20-A3BF-87B94586E59E}
	EndGlobalSection
	GlobalSection(ExtensibilityGlobals) = postSolution
		SolutionGuid = {6DE4A135-F061-4726-91BC-030354F07AAE}
	EndGlobalSection
EndGlobal
